<?xml version="1.0" encoding="utf-8"?>
<Project ToolsVersion="4.0" xmlns="http://schemas.microsoft.com/developer/msbuild/2003">
  <ItemGroup>
    <Filter Include="Source Files">
      <UniqueIdentifier>{4FC737F1-C7A5-4376-A066-2A32D752A2FF}</UniqueIdentifier>
      <Extensions>cpp;c;cc;cxx;def;odl;idl;hpj;bat;asm;asmx</Extensions>
    </Filter>
    <Filter Include="Header Files">
      <UniqueIdentifier>{93995380-89BD-4b04-88EB-625FBE52EBFB}</UniqueIdentifier>
      <Extensions>h;hpp;hxx;hm;inl;inc;xsd</Extensions>
    </Filter>
    <Filter Include="Resource Files">
      <UniqueIdentifier>{67DA6AB6-F800-4c08-8B7A-83BB121AAD01}</UniqueIdentifier>
      <Extensions>rc;ico;cur;bmp;dlg;rc2;rct;bin;rgs;gif;jpg;jpeg;jpe;resx;tiff;tif;png;wav</Extensions>
    </Filter>
  </ItemGroup>
  <ItemGroup>
    <ClCompile Include="SPECIFIC\3d_gen.cpp">
      <Filter>Source Files</Filter>
    </ClCompile>
    <ClCompile Include="SPECIFIC\3D_LINE.CPP">
      <Filter>Source Files</Filter>
    </ClCompile>
    <ClCompile Include="SPECIFIC\3D_OUT.CPP">
      <Filter>Source Files</Filter>
    </ClCompile>
    <ClCompile Include="objects\abortion.cpp">
      <Filter>Source Files</Filter>
    </ClCompile>
    <ClCompile Include="objects\alligator.cpp">
      <Filter>Source Files</Filter>
    </ClCompile>
    <ClCompile Include="objects\ape.cpp">
      <Filter>Source Files</Filter>
    </ClCompile>
    <ClCompile Include="SPECIFIC\backbuffer.cpp">
      <Filter>Source Files</Filter>
    </ClCompile>
    <ClCompile Include="objects\baldy.cpp">
      <Filter>Source Files</Filter>
    </ClCompile>
    <ClCompile Include="objects\bat.cpp">
      <Filter>Source Files</Filter>
    </ClCompile>
    <ClCompile Include="objects\bear.cpp">
      <Filter>Source Files</Filter>
    </ClCompile>
    <ClCompile Include="objects\blood.cpp">
      <Filter>Source Files</Filter>
    </ClCompile>
    <ClCompile Include="objects\boat.cpp">
      <Filter>Source Files</Filter>
    </ClCompile>
    <ClCompile Include="effects\body_part.cpp">
      <Filter>Source Files</Filter>
    </ClCompile>
    <ClCompile Include="SPECIFIC\box.cpp">
      <Filter>Source Files</Filter>
    </ClCompile>
    <ClCompile Include="objects\bridge.cpp">
      <Filter>Source Files</Filter>
    </ClCompile>
    <ClCompile Include="effects\bubble.cpp">
      <Filter>Source Files</Filter>
    </ClCompile>
    <ClCompile Include="objects\cabin.cpp">
      <Filter>Source Files</Filter>
    </ClCompile>
    <ClCompile Include="SPECIFIC\camera.cpp">
      <Filter>Source Files</Filter>
    </ClCompile>
    <ClCompile Include="objects\centaur.cpp">
      <Filter>Source Files</Filter>
    </ClCompile>
    <ClCompile Include="effects\chain_block.cpp">
      <Filter>Source Files</Filter>
    </ClCompile>
    <ClCompile Include="objects\cog.cpp">
      <Filter>Source Files</Filter>
    </ClCompile>
    <ClCompile Include="SPECIFIC\collide.cpp">
      <Filter>Source Files</Filter>
    </ClCompile>
    <ClCompile Include="SPECIFIC\control_util.cpp">
      <Filter>Source Files</Filter>
    </ClCompile>
    <ClCompile Include="objects\cowboy.cpp">
      <Filter>Source Files</Filter>
    </ClCompile>
    <ClCompile Include="objects\crocodile.cpp">
      <Filter>Source Files</Filter>
    </ClCompile>
    <ClCompile Include="traps\damocles_sword.cpp">
      <Filter>Source Files</Filter>
    </ClCompile>
    <ClCompile Include="traps\dart.cpp">
      <Filter>Source Files</Filter>
    </ClCompile>
    <ClCompile Include="traps\dart_emitter.cpp">
      <Filter>Source Files</Filter>
    </ClCompile>
    <ClCompile Include="objects\dino.cpp">
      <Filter>Source Files</Filter>
    </ClCompile>
    <ClCompile Include="effects\dino_stomp.cpp">
      <Filter>Source Files</Filter>
    </ClCompile>
    <ClCompile Include="objects\door.cpp">
      <Filter>Source Files</Filter>
    </ClCompile>
    <ClCompile Include="SPECIFIC\draw.cpp">
      <Filter>Source Files</Filter>
    </ClCompile>
    <ClCompile Include="effects\earthquake.cpp">
      <Filter>Source Files</Filter>
    </ClCompile>
    <ClCompile Include="effects\explosion.cpp">
      <Filter>Source Files</Filter>
    </ClCompile>
    <ClCompile Include="traps\falling_block.cpp">
      <Filter>Source Files</Filter>
    </ClCompile>
    <ClCompile Include="traps\falling_ceiling.cpp">
      <Filter>Source Files</Filter>
    </ClCompile>
    <ClCompile Include="SPECIFIC\file.cpp">
      <Filter>Source Files</Filter>
    </ClCompile>
    <ClCompile Include="effects\finish_level.cpp">
      <Filter>Source Files</Filter>
    </ClCompile>
    <ClCompile Include="traps\flame.cpp">
      <Filter>Source Files</Filter>
    </ClCompile>
    <ClCompile Include="effects\flicker.cpp">
      <Filter>Source Files</Filter>
    </ClCompile>
    <ClCompile Include="effects\flipmap.cpp">
      <Filter>Source Files</Filter>
    </ClCompile>
    <ClCompile Include="effects\flood.cpp">
      <Filter>Source Files</Filter>
    </ClCompile>
    <ClCompile Include="SPECIFIC\game.cpp">
      <Filter>Source Files</Filter>
    </ClCompile>
    <ClCompile Include="SPECIFIC\gameflow.cpp">
      <Filter>Source Files</Filter>
    </ClCompile>
    <ClCompile Include="objects\gunshot.cpp">
      <Filter>Source Files</Filter>
    </ClCompile>
    <ClCompile Include="SPECIFIC\init.cpp">
      <Filter>Source Files</Filter>
    </ClCompile>
    <ClCompile Include="SPECIFIC\input.cpp">
      <Filter>Source Files</Filter>
    </ClCompile>
    <ClCompile Include="SPECIFIC\inventry.cpp">
      <Filter>Source Files</Filter>
    </ClCompile>
    <ClCompile Include="SPECIFIC\invfunc.cpp">
      <Filter>Source Files</Filter>
    </ClCompile>
    <ClCompile Include="SPECIFIC\invvars.cpp">
      <Filter>Source Files</Filter>
    </ClCompile>
    <ClCompile Include="SPECIFIC\items.cpp">
      <Filter>Source Files</Filter>
    </ClCompile>
    <ClCompile Include="objects\keyhole.cpp">
      <Filter>Source Files</Filter>
    </ClCompile>
    <ClCompile Include="SPECIFIC\lara.cpp">
      <Filter>Source Files</Filter>
    </ClCompile>
    <ClCompile Include="SPECIFIC\lara1gun.cpp">
      <Filter>Source Files</Filter>
    </ClCompile>
    <ClCompile Include="SPECIFIC\lara2gun.cpp">
      <Filter>Source Files</Filter>
    </ClCompile>
    <ClCompile Include="effects\lara_effects.cpp">
      <Filter>Source Files</Filter>
    </ClCompile>
    <ClCompile Include="SPECIFIC\larafire.cpp">
      <Filter>Source Files</Filter>
    </ClCompile>
    <ClCompile Include="SPECIFIC\laramisc.cpp">
      <Filter>Source Files</Filter>
    </ClCompile>
    <ClCompile Include="SPECIFIC\larasurf.cpp">
      <Filter>Source Files</Filter>
    </ClCompile>
    <ClCompile Include="SPECIFIC\laraswim.cpp">
      <Filter>Source Files</Filter>
    </ClCompile>
    <ClCompile Include="objects\larson.cpp">
      <Filter>Source Files</Filter>
    </ClCompile>
    <ClCompile Include="traps\lava.cpp">
      <Filter>Source Files</Filter>
    </ClCompile>
    <ClCompile Include="traps\lightning_emitter.cpp">
      <Filter>Source Files</Filter>
    </ClCompile>
    <ClCompile Include="objects\lion.cpp">
      <Filter>Source Files</Filter>
    </ClCompile>
    <ClCompile Include="SPECIFIC\lot.cpp">
      <Filter>Source Files</Filter>
    </ClCompile>
    <ClCompile Include="SPECIFIC\matrix.cpp">
      <Filter>Source Files</Filter>
    </ClCompile>
    <ClCompile Include="traps\midas_touch.cpp">
      <Filter>Source Files</Filter>
    </ClCompile>
    <ClCompile Include="objects\misc.cpp">
      <Filter>Source Files</Filter>
    </ClCompile>
    <ClCompile Include="effects\missile.cpp">
      <Filter>Source Files</Filter>
    </ClCompile>
    <ClCompile Include="traps\movable_block.cpp">
      <Filter>Source Files</Filter>
    </ClCompile>
    <ClCompile Include="objects\mummy.cpp">
      <Filter>Source Files</Filter>
    </ClCompile>
    <ClCompile Include="objects\mutant.cpp">
      <Filter>Source Files</Filter>
    </ClCompile>
    <ClCompile Include="objects\natla.cpp">
      <Filter>Source Files</Filter>
    </ClCompile>
    <ClCompile Include="SPECIFIC\option.cpp">
      <Filter>Source Files</Filter>
    </ClCompile>
    <ClCompile Include="SPECIFIC\option_compass.cpp">
      <Filter>Source Files</Filter>
    </ClCompile>
    <ClCompile Include="SPECIFIC\option_control.cpp">
      <Filter>Source Files</Filter>
    </ClCompile>
    <ClCompile Include="SPECIFIC\option_graphics.cpp">
      <Filter>Source Files</Filter>
    </ClCompile>
    <ClCompile Include="SPECIFIC\option_passport.cpp">
      <Filter>Source Files</Filter>
    </ClCompile>
    <ClCompile Include="SPECIFIC\option_sound.cpp">
      <Filter>Source Files</Filter>
    </ClCompile>
    <ClCompile Include="SPECIFIC\overlay.cpp">
      <Filter>Source Files</Filter>
    </ClCompile>
    <ClCompile Include="traps\pendulum.cpp">
      <Filter>Source Files</Filter>
    </ClCompile>
    <ClCompile Include="SPECIFIC\people.cpp">
      <Filter>Source Files</Filter>
    </ClCompile>
    <ClCompile Include="SPECIFIC\phd_math.cpp">
      <Filter>Source Files</Filter>
    </ClCompile>
    <ClCompile Include="objects\pickup.cpp">
      <Filter>Source Files</Filter>
    </ClCompile>
    <ClCompile Include="objects\pierre.cpp">
      <Filter>Source Files</Filter>
    </ClCompile>
    <ClCompile Include="objects\pod.cpp">
      <Filter>Source Files</Filter>
    </ClCompile>
    <ClCompile Include="effects\powerup.cpp">
      <Filter>Source Files</Filter>
    </ClCompile>
    <ClCompile Include="objects\puzzle_hole.cpp">
      <Filter>Source Files</Filter>
    </ClCompile>
    <ClCompile Include="effects\raising_block.cpp">
      <Filter>Source Files</Filter>
    </ClCompile>
    <ClCompile Include="objects\raptor.cpp">
      <Filter>Source Files</Filter>
    </ClCompile>
    <ClCompile Include="objects\rat.cpp">
      <Filter>Source Files</Filter>
    </ClCompile>
    <ClCompile Include="SPECIFIC\requester.cpp">
      <Filter>Source Files</Filter>
    </ClCompile>
    <ClCompile Include="effects\ricochet.cpp">
      <Filter>Source Files</Filter>
    </ClCompile>
    <ClCompile Include="traps\rolling_ball.cpp">
      <Filter>Source Files</Filter>
    </ClCompile>
    <ClCompile Include="traps\rolling_block.cpp">
      <Filter>Source Files</Filter>
    </ClCompile>
    <ClCompile Include="effects\sand.cpp">
      <Filter>Source Files</Filter>
    </ClCompile>
    <ClCompile Include="SPECIFIC\savegame.cpp">
      <Filter>Source Files</Filter>
    </ClCompile>
    <ClCompile Include="SPECIFIC\SCALESPR.CPP">
      <Filter>Source Files</Filter>
    </ClCompile>
    <ClCompile Include="objects\scion.cpp">
      <Filter>Source Files</Filter>
    </ClCompile>
    <ClCompile Include="SPECIFIC\screen.cpp">
      <Filter>Source Files</Filter>
    </ClCompile>
    <ClCompile Include="SPECIFIC\setup.cpp">
      <Filter>Source Files</Filter>
    </ClCompile>
    <ClCompile Include="objects\skate_kid.cpp">
      <Filter>Source Files</Filter>
    </ClCompile>
    <ClCompile Include="SPECIFIC\sound.cpp">
      <Filter>Source Files</Filter>
    </ClCompile>
    <ClCompile Include="SPECIFIC\sphere.cpp">
      <Filter>Source Files</Filter>
    </ClCompile>
    <ClCompile Include="traps\spikes.cpp">
      <Filter>Source Files</Filter>
    </ClCompile>
    <ClCompile Include="effects\splash.cpp">
      <Filter>Source Files</Filter>
    </ClCompile>
    <ClCompile Include="effects\stairs2slope.cpp">
      <Filter>Source Files</Filter>
    </ClCompile>
    <ClCompile Include="objects\statue.cpp">
      <Filter>Source Files</Filter>
    </ClCompile>
    <ClCompile Include="objects\switch.cpp">
      <Filter>Source Files</Filter>
    </ClCompile>
    <ClCompile Include="traps\teeth_trap.cpp">
      <Filter>Source Files</Filter>
    </ClCompile>
    <ClCompile Include="SPECIFIC\text.cpp">
      <Filter>Source Files</Filter>
    </ClCompile>
    <ClCompile Include="traps\thors_hammer.cpp">
      <Filter>Source Files</Filter>
    </ClCompile>
    <ClCompile Include="SPECIFIC\timer.cpp">
      <Filter>Source Files</Filter>
    </ClCompile>
    <ClCompile Include="objects\trapdoor.cpp">
      <Filter>Source Files</Filter>
    </ClCompile>
    <ClCompile Include="effects\turn_180.cpp">
      <Filter>Source Files</Filter>
    </ClCompile>
    <ClCompile Include="effects\twinkle.cpp">
      <Filter>Source Files</Filter>
    </ClCompile>
    <ClCompile Include="SPECIFIC\vars.cpp">
      <Filter>Source Files</Filter>
    </ClCompile>
    <ClCompile Include="objects\vole.cpp">
      <Filter>Source Files</Filter>
    </ClCompile>
    <ClCompile Include="effects\waterfall.cpp">
      <Filter>Source Files</Filter>
    </ClCompile>
    <ClCompile Include="SPECIFIC\winmain.cpp">
      <Filter>Source Files</Filter>
    </ClCompile>
    <ClCompile Include="objects\wolf.cpp">
      <Filter>Source Files</Filter>
    </ClCompile>
  </ItemGroup>
  <ItemGroup>
    <ClInclude Include="SPECIFIC\3d_gen.h">
      <Filter>Header Files</Filter>
    </ClInclude>
    <ClInclude Include="SPECIFIC\3D_LINE.H">
      <Filter>Header Files</Filter>
    </ClInclude>
    <ClInclude Include="SPECIFIC\3D_OUT.H">
      <Filter>Header Files</Filter>
    </ClInclude>
    <ClInclude Include="objects\abortion.h">
      <Filter>Header Files</Filter>
    </ClInclude>
    <ClInclude Include="objects\alligator.h">
      <Filter>Header Files</Filter>
    </ClInclude>
    <ClInclude Include="objects\ape.h">
      <Filter>Header Files</Filter>
    </ClInclude>
    <ClInclude Include="SPECIFIC\backbuffer.h">
      <Filter>Header Files</Filter>
    </ClInclude>
    <ClInclude Include="objects\baldy.h">
      <Filter>Header Files</Filter>
    </ClInclude>
    <ClInclude Include="objects\bat.h">
      <Filter>Header Files</Filter>
    </ClInclude>
    <ClInclude Include="objects\bear.h">
      <Filter>Header Files</Filter>
    </ClInclude>
    <ClInclude Include="objects\blood.h">
      <Filter>Header Files</Filter>
    </ClInclude>
    <ClInclude Include="objects\boat.h">
      <Filter>Header Files</Filter>
    </ClInclude>
    <ClInclude Include="effects\body_part.h">
      <Filter>Header Files</Filter>
    </ClInclude>
    <ClInclude Include="SPECIFIC\box.h">
      <Filter>Header Files</Filter>
    </ClInclude>
    <ClInclude Include="objects\bridge.h">
      <Filter>Header Files</Filter>
    </ClInclude>
    <ClInclude Include="effects\bubble.h">
      <Filter>Header Files</Filter>
    </ClInclude>
    <ClInclude Include="objects\cabin.h">
      <Filter>Header Files</Filter>
    </ClInclude>
    <ClInclude Include="SPECIFIC\camera.h">
      <Filter>Header Files</Filter>
    </ClInclude>
    <ClInclude Include="objects\centaur.h">
      <Filter>Header Files</Filter>
    </ClInclude>
    <ClInclude Include="effects\chain_block.h">
      <Filter>Header Files</Filter>
    </ClInclude>
    <ClInclude Include="objects\cog.h">
      <Filter>Header Files</Filter>
    </ClInclude>
    <ClInclude Include="SPECIFIC\collide.h">
      <Filter>Header Files</Filter>
    </ClInclude>
    <ClInclude Include="SPECIFIC\const.h">
      <Filter>Header Files</Filter>
    </ClInclude>
    <ClInclude Include="SPECIFIC\control_util.h">
      <Filter>Header Files</Filter>
    </ClInclude>
    <ClInclude Include="objects\cowboy.h">
      <Filter>Header Files</Filter>
    </ClInclude>
    <ClInclude Include="objects\crocodile.h">
      <Filter>Header Files</Filter>
    </ClInclude>
    <ClInclude Include="traps\damocles_sword.h">
      <Filter>Header Files</Filter>
    </ClInclude>
    <ClInclude Include="traps\dart.h">
      <Filter>Header Files</Filter>
    </ClInclude>
    <ClInclude Include="traps\dart_emitter.h">
      <Filter>Header Files</Filter>
    </ClInclude>
    <ClInclude Include="objects\dino.h">
      <Filter>Header Files</Filter>
    </ClInclude>
    <ClInclude Include="effects\dino_stomp.h">
      <Filter>Header Files</Filter>
    </ClInclude>
    <ClInclude Include="objects\door.h">
      <Filter>Header Files</Filter>
    </ClInclude>
    <ClInclude Include="SPECIFIC\draw.h">
      <Filter>Header Files</Filter>
    </ClInclude>
    <ClInclude Include="effects\earthquake.h">
      <Filter>Header Files</Filter>
    </ClInclude>
    <ClInclude Include="effects\explosion.h">
      <Filter>Header Files</Filter>
    </ClInclude>
    <ClInclude Include="traps\falling_block.h">
      <Filter>Header Files</Filter>
    </ClInclude>
    <ClInclude Include="traps\falling_ceiling.h">
      <Filter>Header Files</Filter>
    </ClInclude>
    <ClInclude Include="SPECIFIC\file.h">
      <Filter>Header Files</Filter>
    </ClInclude>
    <ClInclude Include="effects\finish_level.h">
      <Filter>Header Files</Filter>
    </ClInclude>
    <ClInclude Include="traps\flame.h">
      <Filter>Header Files</Filter>
    </ClInclude>
    <ClInclude Include="effects\flicker.h">
      <Filter>Header Files</Filter>
    </ClInclude>
    <ClInclude Include="effects\flipmap.h">
      <Filter>Header Files</Filter>
    </ClInclude>
    <ClInclude Include="effects\flood.h">
      <Filter>Header Files</Filter>
    </ClInclude>
    <ClInclude Include="SPECIFIC\game.h">
      <Filter>Header Files</Filter>
    </ClInclude>
    <ClInclude Include="SPECIFIC\gameflow.h">
      <Filter>Header Files</Filter>
    </ClInclude>
    <ClInclude Include="objects\gunshot.h">
      <Filter>Header Files</Filter>
    </ClInclude>
    <ClInclude Include="SPECIFIC\init.h">
      <Filter>Header Files</Filter>
    </ClInclude>
    <ClInclude Include="SPECIFIC\input.h">
      <Filter>Header Files</Filter>
    </ClInclude>
    <ClInclude Include="SPECIFIC\inv.h">
      <Filter>Header Files</Filter>
    </ClInclude>
    <ClInclude Include="SPECIFIC\items.h">
      <Filter>Header Files</Filter>
    </ClInclude>
    <ClInclude Include="objects\keyhole.h">
      <Filter>Header Files</Filter>
    </ClInclude>
    <ClInclude Include="SPECIFIC\lara.h">
      <Filter>Header Files</Filter>
    </ClInclude>
    <ClInclude Include="effects\lara_effects.h">
      <Filter>Header Files</Filter>
    </ClInclude>
    <ClInclude Include="objects\larson.h">
      <Filter>Header Files</Filter>
    </ClInclude>
    <ClInclude Include="traps\lava.h">
      <Filter>Header Files</Filter>
    </ClInclude>
    <ClInclude Include="traps\lightning_emitter.h">
      <Filter>Header Files</Filter>
    </ClInclude>
    <ClInclude Include="objects\lion.h">
      <Filter>Header Files</Filter>
    </ClInclude>
    <ClInclude Include="SPECIFIC\lot.h">
      <Filter>Header Files</Filter>
    </ClInclude>
    <ClInclude Include="SPECIFIC\matrix.h">
      <Filter>Header Files</Filter>
    </ClInclude>
    <ClInclude Include="traps\midas_touch.h">
      <Filter>Header Files</Filter>
    </ClInclude>
    <ClInclude Include="objects\misc.h">
      <Filter>Header Files</Filter>
    </ClInclude>
    <ClInclude Include="effects\missile.h">
      <Filter>Header Files</Filter>
    </ClInclude>
    <ClInclude Include="traps\movable_block.h">
      <Filter>Header Files</Filter>
    </ClInclude>
    <ClInclude Include="objects\mummy.h">
      <Filter>Header Files</Filter>
    </ClInclude>
    <ClInclude Include="objects\mutant.h">
      <Filter>Header Files</Filter>
    </ClInclude>
    <ClInclude Include="objects\natla.h">
      <Filter>Header Files</Filter>
    </ClInclude>
    <ClInclude Include="SPECIFIC\option.h">
      <Filter>Header Files</Filter>
    </ClInclude>
    <ClInclude Include="SPECIFIC\overlay.h">
      <Filter>Header Files</Filter>
    </ClInclude>
    <ClInclude Include="traps\pendulum.h">
      <Filter>Header Files</Filter>
    </ClInclude>
    <ClInclude Include="SPECIFIC\people.h">
      <Filter>Header Files</Filter>
    </ClInclude>
    <ClInclude Include="SPECIFIC\phd_math.h">
      <Filter>Header Files</Filter>
    </ClInclude>
    <ClInclude Include="objects\pickup.h">
      <Filter>Header Files</Filter>
    </ClInclude>
    <ClInclude Include="objects\pierre.h">
      <Filter>Header Files</Filter>
    </ClInclude>
    <ClInclude Include="objects\pod.h">
      <Filter>Header Files</Filter>
    </ClInclude>
    <ClInclude Include="effects\powerup.h">
      <Filter>Header Files</Filter>
    </ClInclude>
    <ClInclude Include="objects\puzzle_hole.h">
      <Filter>Header Files</Filter>
    </ClInclude>
    <ClInclude Include="effects\raising_block.h">
      <Filter>Header Files</Filter>
    </ClInclude>
    <ClInclude Include="objects\raptor.h">
      <Filter>Header Files</Filter>
    </ClInclude>
    <ClInclude Include="objects\rat.h">
      <Filter>Header Files</Filter>
    </ClInclude>
    <ClInclude Include="SPECIFIC\requester.h">
      <Filter>Header Files</Filter>
    </ClInclude>
    <ClInclude Include="effects\ricochet.h">
      <Filter>Header Files</Filter>
    </ClInclude>
    <ClInclude Include="traps\rolling_ball.h">
      <Filter>Header Files</Filter>
    </ClInclude>
    <ClInclude Include="traps\rolling_block.h">
      <Filter>Header Files</Filter>
    </ClInclude>
    <ClInclude Include="effects\sand.h">
      <Filter>Header Files</Filter>
    </ClInclude>
    <ClInclude Include="SPECIFIC\savegame.h">
      <Filter>Header Files</Filter>
    </ClInclude>
    <ClInclude Include="SPECIFIC\SCALESPR.H">
      <Filter>Header Files</Filter>
    </ClInclude>
    <ClInclude Include="objects\scion.h">
      <Filter>Header Files</Filter>
    </ClInclude>
    <ClInclude Include="SPECIFIC\screen.h">
      <Filter>Header Files</Filter>
    </ClInclude>
    <ClInclude Include="SPECIFIC\setup.h">
      <Filter>Header Files</Filter>
    </ClInclude>
    <ClInclude Include="objects\skate_kid.h">
      <Filter>Header Files</Filter>
    </ClInclude>
    <ClInclude Include="SPECIFIC\sound.h">
      <Filter>Header Files</Filter>
    </ClInclude>
    <ClInclude Include="SPECIFIC\sphere.h">
      <Filter>Header Files</Filter>
    </ClInclude>
    <ClInclude Include="traps\spikes.h">
      <Filter>Header Files</Filter>
    </ClInclude>
    <ClInclude Include="effects\splash.h">
      <Filter>Header Files</Filter>
    </ClInclude>
    <ClInclude Include="effects\stairs2slope.h">
      <Filter>Header Files</Filter>
    </ClInclude>
    <ClInclude Include="objects\statue.h">
      <Filter>Header Files</Filter>
    </ClInclude>
    <ClInclude Include="objects\switch.h">
      <Filter>Header Files</Filter>
    </ClInclude>
    <ClInclude Include="traps\teeth_trap.h">
      <Filter>Header Files</Filter>
    </ClInclude>
    <ClInclude Include="traps\thors_hammer.h">
      <Filter>Header Files</Filter>
    </ClInclude>
    <ClInclude Include="SPECIFIC\timer.h">
      <Filter>Header Files</Filter>
    </ClInclude>
    <ClInclude Include="objects\trapdoor.h">
      <Filter>Header Files</Filter>
    </ClInclude>
    <ClInclude Include="effects\turn_180.h">
      <Filter>Header Files</Filter>
    </ClInclude>
    <ClInclude Include="effects\twinkle.h">
      <Filter>Header Files</Filter>
    </ClInclude>
    <ClInclude Include="SPECIFIC\types.h">
      <Filter>Header Files</Filter>
    </ClInclude>
    <ClInclude Include="SPECIFIC\util.h">
      <Filter>Header Files</Filter>
    </ClInclude>
    <ClInclude Include="SPECIFIC\vars.h">
      <Filter>Header Files</Filter>
    </ClInclude>
    <ClInclude Include="objects\vole.h">
      <Filter>Header Files</Filter>
    </ClInclude>
    <ClInclude Include="effects\waterfall.h">
      <Filter>Header Files</Filter>
    </ClInclude>
    <ClInclude Include="SPECIFIC\winmain.h">
      <Filter>Header Files</Filter>
    </ClInclude>
    <ClInclude Include="objects\wolf.h">
      <Filter>Header Files</Filter>
    </ClInclude>
  </ItemGroup>
  <ItemGroup>
    <MASM Include="SPECIFIC\3D_XOUTA.S" />
  </ItemGroup>
</Project>